// !$*UTF8*$!
{
	archiveVersion = 1;
	classes = {
	};
	objectVersion = 46;
	objects = {

/* Begin PBXBuildFile section */
		006D720419952D00008149E2 /* AVFoundation.framework in Frameworks */ = {isa = PBXBuildFile; fileRef = 006D720219952D00008149E2 /* AVFoundation.framework */; };
		006D720519952D00008149E2 /* CoreMedia.framework in Frameworks */ = {isa = PBXBuildFile; fileRef = 006D720319952D00008149E2 /* CoreMedia.framework */; };
		0091D8F90E81B9330029341E /* OpenGL.framework in Frameworks */ = {isa = PBXBuildFile; fileRef = 0091D8F80E81B9330029341E /* OpenGL.framework */; };
		00B784B30FF439BC000DE1D7 /* Accelerate.framework in Frameworks */ = {isa = PBXBuildFile; fileRef = 00B784AF0FF439BC000DE1D7 /* Accelerate.framework */; };
		00B784B40FF439BC000DE1D7 /* AudioToolbox.framework in Frameworks */ = {isa = PBXBuildFile; fileRef = 00B784B00FF439BC000DE1D7 /* AudioToolbox.framework */; };
		00B784B50FF439BC000DE1D7 /* AudioUnit.framework in Frameworks */ = {isa = PBXBuildFile; fileRef = 00B784B10FF439BC000DE1D7 /* AudioUnit.framework */; };
		00B784B60FF439BC000DE1D7 /* CoreAudio.framework in Frameworks */ = {isa = PBXBuildFile; fileRef = 00B784B20FF439BC000DE1D7 /* CoreAudio.framework */; };
		00B9955A1B128DF400A5C623 /* IOKit.framework in Frameworks */ = {isa = PBXBuildFile; fileRef = 00B995581B128DF400A5C623 /* IOKit.framework */; };
		00B9955B1B128DF400A5C623 /* IOSurface.framework in Frameworks */ = {isa = PBXBuildFile; fileRef = 00B995591B128DF400A5C623 /* IOSurface.framework */; };
		5323E6B20EAFCA74003A9687 /* CoreVideo.framework in Frameworks */ = {isa = PBXBuildFile; fileRef = 5323E6B10EAFCA74003A9687 /* CoreVideo.framework */; };
		8D11072F0486CEB800E47090 /* Cocoa.framework in Frameworks */ = {isa = PBXBuildFile; fileRef = 1058C7A1FEA54F0111CA2CBB /* Cocoa.framework */; };
		714098028F934D11A854C19C /* OpenCL.framework in Frameworks */ = {isa = PBXBuildFile; fileRef = 4B8DBF70EB2C430CB7E1A351 /* OpenCL.framework */; };
		5B71EF246F7F424BA32A82B5 /* CinderOpenCV.h in Headers */ = {isa = PBXBuildFile; fileRef = 3608B4C6F41042008F5C0AED /* CinderOpenCV.h */; };
		8314D061155641C3BB67E660 /* Step_FiltLik.cpp in Sources */ = {isa = PBXBuildFile; fileRef = 4B52594C720A4A4980575643 /* Step_FiltLik.cpp */; };
		64B006C47DDC4933A7D0EBD0 /* Step_FiltIPosition2D.cpp in Sources */ = {isa = PBXBuildFile; fileRef = 9EC477C9A3BE4B62A3625067 /* Step_FiltIPosition2D.cpp */; };
		8060B0CD16094D8C828382A3 /* Step_FiltHS.cpp in Sources */ = {isa = PBXBuildFile; fileRef = 336F2B668B134760A0F984A1 /* Step_FiltHS.cpp */; };
		BAC93A2EBA6048CB82D19CF9 /* Step_FiltGUI.cpp in Sources */ = {isa = PBXBuildFile; fileRef = 04DAECDD09394149A02178F2 /* Step_FiltGUI.cpp */; };
		CED4E45487FA40709050DBF8 /* Step_ColourCluster.cpp in Sources */ = {isa = PBXBuildFile; fileRef = 5643ADF15D9E4FEEAFFC944D /* Step_ColourCluster.cpp */; };
		4D4D519940444BE8B019847F /* Step_BaseClass.cpp in Sources */ = {isa = PBXBuildFile; fileRef = 18606684B14B49D7990119C7 /* Step_BaseClass.cpp */; };
		4D1A2FC801404B10B818A761 /* Step_4.cpp in Sources */ = {isa = PBXBuildFile; fileRef = 892E82DD379044AA9D0B8482 /* Step_4.cpp */; };
		4B83378B04614625B1F09029 /* Step_3.cpp in Sources */ = {isa = PBXBuildFile; fileRef = AA84E60D21BF4C09A88C9465 /* Step_3.cpp */; };
		93F6A4A6299241EEB141149B /* Step_2.cpp in Sources */ = {isa = PBXBuildFile; fileRef = 46C0D5A7E7364840BF184F08 /* Step_2.cpp */; };
		BF1465128E004D03B9390581 /* Step_1.cpp in Sources */ = {isa = PBXBuildFile; fileRef = 88854BE066C04AB9AB3EF98D /* Step_1.cpp */; };
		3FB2F628E0A84DD5B29D0AD5 /* Result.cpp in Sources */ = {isa = PBXBuildFile; fileRef = 454A82987F0E4DDE8B02F662 /* Result.cpp */; };
		01D5F5EE2F7D4C5BB1F99E5D /* Processor.cpp in Sources */ = {isa = PBXBuildFile; fileRef = 5DE41F7BBF984E5D96CDAECD /* Processor.cpp */; };
		27F24BBA2E154257B905B3D3 /* ProcessingOptions.cpp in Sources */ = {isa = PBXBuildFile; fileRef = FAC93646167F4E8DAA54CE2C /* ProcessingOptions.cpp */; };
		BBA99EEB6649475CA618FC5D /* Predictor.cpp in Sources */ = {isa = PBXBuildFile; fileRef = D05E027F3E314454891E3CB4 /* Predictor.cpp */; };
		8D86CF82E473428BB6E44E1D /* MaskROI.cpp in Sources */ = {isa = PBXBuildFile; fileRef = E16893DDF24F48E8B0D3569B /* MaskROI.cpp */; };
		F98BBF4462974DE994959334 /* Features.cpp in Sources */ = {isa = PBXBuildFile; fileRef = 9253B9D6152943CDB86FF267 /* Features.cpp */; };
		F242DC4B548C4E929FC15557 /* ContourSpliter.cpp in Sources */ = {isa = PBXBuildFile; fileRef = 93D34A371F6446AD80950BCA /* ContourSpliter.cpp */; };
		804EA586826346A999CB3F95 /* ContourFamily.cpp in Sources */ = {isa = PBXBuildFile; fileRef = 01B322D5AFB741E98A6FF6FD /* ContourFamily.cpp */; };
		D4FE77EEEB1C40B6BD13B013 /* ArgumentParser.cpp in Sources */ = {isa = PBXBuildFile; fileRef = 32E55286002D463890B03663 /* ArgumentParser.cpp */; };
		B417B9BCEF9F4317923CCD66 /* Step_FiltLik.hpp in Headers */ = {isa = PBXBuildFile; fileRef = 78F71167278F4E93BF50DB61 /* Step_FiltLik.hpp */; };
		87551B3150224E03AABDA1CA /* Step_FiltIPosition2D.hpp in Headers */ = {isa = PBXBuildFile; fileRef = 776EB944C9974B339CC2D776 /* Step_FiltIPosition2D.hpp */; };
		7697EF7EEB054466B3342250 /* Step_FiltHS.hpp in Headers */ = {isa = PBXBuildFile; fileRef = 7B21173B5EF14F3E908FFADC /* Step_FiltHS.hpp */; };
		7ECB455C5B714ECCA57C0D4E /* Step_FiltGUI.hpp in Headers */ = {isa = PBXBuildFile; fileRef = A8D572819F6C46CDA047D3CA /* Step_FiltGUI.hpp */; };
		76C5F726D14244FAB17750F5 /* Step_ColourCluster.hpp in Headers */ = {isa = PBXBuildFile; fileRef = 1C2004ABF29540F79E719171 /* Step_ColourCluster.hpp */; };
		47251B0730F34CBC91E975A7 /* Step_BaseClass.hpp in Headers */ = {isa = PBXBuildFile; fileRef = 6237F867F77B4480873CAC57 /* Step_BaseClass.hpp */; };
		42B9CDCCBCE74D019BC7F73A /* Step_4.hpp in Headers */ = {isa = PBXBuildFile; fileRef = 53CA3F616D664898A7B1E9AA /* Step_4.hpp */; };
		A46DBAF504B443F1B1C4AFBC /* Step_3.hpp in Headers */ = {isa = PBXBuildFile; fileRef = 255A39AE029B4D3EA145AD08 /* Step_3.hpp */; };
		344880D41E984697AAFF6F28 /* Step_2.hpp in Headers */ = {isa = PBXBuildFile; fileRef = 846725BD1385476E8BF5BC89 /* Step_2.hpp */; };
		459C1FE2985F485287FEFBD5 /* Step_1.hpp in Headers */ = {isa = PBXBuildFile; fileRef = 65BEBF93E3FB458F9C458A46 /* Step_1.hpp */; };
		B61A2AE08EC84E5B99FEA9A9 /* Result.hpp in Headers */ = {isa = PBXBuildFile; fileRef = 93E2867ECE824A72B365D9B1 /* Result.hpp */; };
		E49C407234F44D17B2F764E6 /* Processor.hpp in Headers */ = {isa = PBXBuildFile; fileRef = 37B9897EA9F048E19CA25E72 /* Processor.hpp */; };
		FAA4A60EFBCF4029A95010BD /* ProcessingOptions.hpp in Headers */ = {isa = PBXBuildFile; fileRef = 80D3E30198B84D5AB05CE482 /* ProcessingOptions.hpp */; };
		50CED5FF49AA4BE3B823A82D /* Predictor.hpp in Headers */ = {isa = PBXBuildFile; fileRef = 2DD4CBA145184E22A11E014C /* Predictor.hpp */; };
		75CD555A2A024F3480E6DD34 /* MaskROI.hpp in Headers */ = {isa = PBXBuildFile; fileRef = FF930C885E26475596161CE8 /* MaskROI.hpp */; };
		B0BE44809048466382654378 /* Features.hpp in Headers */ = {isa = PBXBuildFile; fileRef = 11ACED48CBE945E89E0139E0 /* Features.hpp */; };
		580655117A134178AA6140C3 /* ContourSpliter.hpp in Headers */ = {isa = PBXBuildFile; fileRef = 4ECF45E6815D4108A1092F7F /* ContourSpliter.hpp */; };
		121D608711944B278C21D5AC /* ContourFamily.hpp in Headers */ = {isa = PBXBuildFile; fileRef = F6C830023D514594B15C5087 /* ContourFamily.hpp */; };
		FD6FB386CD3C4775B468C249 /* ArgumentParser.hpp in Headers */ = {isa = PBXBuildFile; fileRef = 187A0AAB39F342969BB4CD0E /* ArgumentParser.hpp */; };
		92F7F33F261545A785155960 /* defines.hpp in Headers */ = {isa = PBXBuildFile; fileRef = 3B8036D6A28A457BB52CF2B4 /* defines.hpp */; };
		4AA06B7F1621472EA3D227B0 /* config.h in Headers */ = {isa = PBXBuildFile; fileRef = 4C87137CF23F4829B0240DEA /* config.h */; };
		F037FE955A17405CAB7DEE02 /* OpenCFUThreaded_Prefix.pch in Headers */ = {isa = PBXBuildFile; fileRef = 3E42A94C4AB042CF8F9CDBED /* OpenCFUThreaded_Prefix.pch */; };
		FA12CCCC0B3B45B09733FA45 /* CinderApp.icns in Resources */ = {isa = PBXBuildFile; fileRef = 95C2AAF0F12E4745851AE974 /* CinderApp.icns */; };
		BD8C062EEE1742A99BF574CA /* Resources.h in Headers */ = {isa = PBXBuildFile; fileRef = EFFE6459B1DA4E299C1E32C1 /* Resources.h */; };
		1880A92057E24471B8E0E31C /* OpenCFUThreadedApp.cpp in Sources */ = {isa = PBXBuildFile; fileRef = F141CF40837342BEBCEAACA7 /* OpenCFUThreadedApp.cpp */; };
/* End PBXBuildFile section */

/* Begin PBXFileReference section */
		006D720219952D00008149E2 /* AVFoundation.framework */ = {isa = PBXFileReference; lastKnownFileType = wrapper.framework; name = AVFoundation.framework; path = System/Library/Frameworks/AVFoundation.framework; sourceTree = SDKROOT; };
		006D720319952D00008149E2 /* CoreMedia.framework */ = {isa = PBXFileReference; lastKnownFileType = wrapper.framework; name = CoreMedia.framework; path = System/Library/Frameworks/CoreMedia.framework; sourceTree = SDKROOT; };
		0091D8F80E81B9330029341E /* OpenGL.framework */ = {isa = PBXFileReference; lastKnownFileType = wrapper.framework; name = OpenGL.framework; path = /System/Library/Frameworks/OpenGL.framework; sourceTree = "<absolute>"; };
		00B784AF0FF439BC000DE1D7 /* Accelerate.framework */ = {isa = PBXFileReference; lastKnownFileType = wrapper.framework; name = Accelerate.framework; path = System/Library/Frameworks/Accelerate.framework; sourceTree = SDKROOT; };
		00B784B00FF439BC000DE1D7 /* AudioToolbox.framework */ = {isa = PBXFileReference; lastKnownFileType = wrapper.framework; name = AudioToolbox.framework; path = System/Library/Frameworks/AudioToolbox.framework; sourceTree = SDKROOT; };
		00B784B10FF439BC000DE1D7 /* AudioUnit.framework */ = {isa = PBXFileReference; lastKnownFileType = wrapper.framework; name = AudioUnit.framework; path = System/Library/Frameworks/AudioUnit.framework; sourceTree = SDKROOT; };
		00B784B20FF439BC000DE1D7 /* CoreAudio.framework */ = {isa = PBXFileReference; lastKnownFileType = wrapper.framework; name = CoreAudio.framework; path = System/Library/Frameworks/CoreAudio.framework; sourceTree = SDKROOT; };
		00B995581B128DF400A5C623 /* IOKit.framework */ = {isa = PBXFileReference; lastKnownFileType = wrapper.framework; name = IOKit.framework; path = System/Library/Frameworks/IOKit.framework; sourceTree = SDKROOT; };
		00B995591B128DF400A5C623 /* IOSurface.framework */ = {isa = PBXFileReference; lastKnownFileType = wrapper.framework; name = IOSurface.framework; path = System/Library/Frameworks/IOSurface.framework; sourceTree = SDKROOT; };
		1058C7A1FEA54F0111CA2CBB /* Cocoa.framework */ = {isa = PBXFileReference; lastKnownFileType = wrapper.framework; name = Cocoa.framework; path = /System/Library/Frameworks/Cocoa.framework; sourceTree = "<absolute>"; };
		29B97324FDCFA39411CA2CEA /* AppKit.framework */ = {isa = PBXFileReference; lastKnownFileType = wrapper.framework; name = AppKit.framework; path = /System/Library/Frameworks/AppKit.framework; sourceTree = "<absolute>"; };
		29B97325FDCFA39411CA2CEA /* Foundation.framework */ = {isa = PBXFileReference; lastKnownFileType = wrapper.framework; name = Foundation.framework; path = /System/Library/Frameworks/Foundation.framework; sourceTree = "<absolute>"; };
		5323E6B10EAFCA74003A9687 /* CoreVideo.framework */ = {isa = PBXFileReference; lastKnownFileType = wrapper.framework; name = CoreVideo.framework; path = /System/Library/Frameworks/CoreVideo.framework; sourceTree = "<absolute>"; };
		8D1107320486CEB800E47090 /* OpenCFUThreaded.app */ = {isa = PBXFileReference; explicitFileType = wrapper.application; includeInIndex = 0; path = OpenCFUThreaded.app; sourceTree = BUILT_PRODUCTS_DIR; };
		F141CF40837342BEBCEAACA7 /* OpenCFUThreadedApp.cpp */ = {isa = PBXFileReference; lastKnownFileType = sourcecode.c.cpp; path = ../src/OpenCFUThreadedApp.cpp; sourceTree = "<group>"; name = OpenCFUThreadedApp.cpp; };
		EFFE6459B1DA4E299C1E32C1 /* Resources.h */ = {isa = PBXFileReference; lastKnownFileType = sourcecode.c.h; path = ../include/Resources.h; sourceTree = "<group>"; name = Resources.h; };
		95C2AAF0F12E4745851AE974 /* CinderApp.icns */ = {isa = PBXFileReference; lastKnownFileType = image.icns; path = ../resources/CinderApp.icns; sourceTree = "<group>"; name = CinderApp.icns; };
		4E36E23DB35E4FA4B4AC108A /* Info.plist */ = {isa = PBXFileReference; lastKnownFileType = text.plist.xml; path = Info.plist; sourceTree = "<group>"; name = Info.plist; };
		3E42A94C4AB042CF8F9CDBED /* OpenCFUThreaded_Prefix.pch */ = {isa = PBXFileReference; lastKnownFileType = "\"\""; path = OpenCFUThreaded_Prefix.pch; sourceTree = "<group>"; name = OpenCFUThreaded_Prefix.pch; };
		4C87137CF23F4829B0240DEA /* config.h */ = {isa = PBXFileReference; lastKnownFileType = sourcecode.c.h; path = ../../../../../Cinder/blocks/OpenCFU/src/config.h; sourceTree = "<group>"; name = config.h; };
		3B8036D6A28A457BB52CF2B4 /* defines.hpp */ = {isa = PBXFileReference; lastKnownFileType = "\"\""; path = ../../../../../Cinder/blocks/OpenCFU/src/OpenCFU/src/defines.hpp; sourceTree = "<group>"; name = defines.hpp; };
		187A0AAB39F342969BB4CD0E /* ArgumentParser.hpp */ = {isa = PBXFileReference; lastKnownFileType = "\"\""; path = ../../../../../Cinder/blocks/OpenCFU/src/OpenCFU/src/processor/headers/ArgumentParser.hpp; sourceTree = "<group>"; name = ArgumentParser.hpp; };
		F6C830023D514594B15C5087 /* ContourFamily.hpp */ = {isa = PBXFileReference; lastKnownFileType = "\"\""; path = ../../../../../Cinder/blocks/OpenCFU/src/OpenCFU/src/processor/headers/ContourFamily.hpp; sourceTree = "<group>"; name = ContourFamily.hpp; };
		4ECF45E6815D4108A1092F7F /* ContourSpliter.hpp */ = {isa = PBXFileReference; lastKnownFileType = "\"\""; path = ../../../../../Cinder/blocks/OpenCFU/src/OpenCFU/src/processor/headers/ContourSpliter.hpp; sourceTree = "<group>"; name = ContourSpliter.hpp; };
		11ACED48CBE945E89E0139E0 /* Features.hpp */ = {isa = PBXFileReference; lastKnownFileType = "\"\""; path = ../../../../../Cinder/blocks/OpenCFU/src/OpenCFU/src/processor/headers/Features.hpp; sourceTree = "<group>"; name = Features.hpp; };
		FF930C885E26475596161CE8 /* MaskROI.hpp */ = {isa = PBXFileReference; lastKnownFileType = "\"\""; path = ../../../../../Cinder/blocks/OpenCFU/src/OpenCFU/src/processor/headers/MaskROI.hpp; sourceTree = "<group>"; name = MaskROI.hpp; };
		2DD4CBA145184E22A11E014C /* Predictor.hpp */ = {isa = PBXFileReference; lastKnownFileType = "\"\""; path = ../../../../../Cinder/blocks/OpenCFU/src/OpenCFU/src/processor/headers/Predictor.hpp; sourceTree = "<group>"; name = Predictor.hpp; };
		80D3E30198B84D5AB05CE482 /* ProcessingOptions.hpp */ = {isa = PBXFileReference; lastKnownFileType = "\"\""; path = ../../../../../Cinder/blocks/OpenCFU/src/OpenCFU/src/processor/headers/ProcessingOptions.hpp; sourceTree = "<group>"; name = ProcessingOptions.hpp; };
		37B9897EA9F048E19CA25E72 /* Processor.hpp */ = {isa = PBXFileReference; lastKnownFileType = "\"\""; path = ../../../../../Cinder/blocks/OpenCFU/src/OpenCFU/src/processor/headers/Processor.hpp; sourceTree = "<group>"; name = Processor.hpp; };
		93E2867ECE824A72B365D9B1 /* Result.hpp */ = {isa = PBXFileReference; lastKnownFileType = "\"\""; path = ../../../../../Cinder/blocks/OpenCFU/src/OpenCFU/src/processor/headers/Result.hpp; sourceTree = "<group>"; name = Result.hpp; };
		65BEBF93E3FB458F9C458A46 /* Step_1.hpp */ = {isa = PBXFileReference; lastKnownFileType = "\"\""; path = ../../../../../Cinder/blocks/OpenCFU/src/OpenCFU/src/processor/headers/Step_1.hpp; sourceTree = "<group>"; name = Step_1.hpp; };
		846725BD1385476E8BF5BC89 /* Step_2.hpp */ = {isa = PBXFileReference; lastKnownFileType = "\"\""; path = ../../../../../Cinder/blocks/OpenCFU/src/OpenCFU/src/processor/headers/Step_2.hpp; sourceTree = "<group>"; name = Step_2.hpp; };
		255A39AE029B4D3EA145AD08 /* Step_3.hpp */ = {isa = PBXFileReference; lastKnownFileType = "\"\""; path = ../../../../../Cinder/blocks/OpenCFU/src/OpenCFU/src/processor/headers/Step_3.hpp; sourceTree = "<group>"; name = Step_3.hpp; };
		53CA3F616D664898A7B1E9AA /* Step_4.hpp */ = {isa = PBXFileReference; lastKnownFileType = "\"\""; path = ../../../../../Cinder/blocks/OpenCFU/src/OpenCFU/src/processor/headers/Step_4.hpp; sourceTree = "<group>"; name = Step_4.hpp; };
		6237F867F77B4480873CAC57 /* Step_BaseClass.hpp */ = {isa = PBXFileReference; lastKnownFileType = "\"\""; path = ../../../../../Cinder/blocks/OpenCFU/src/OpenCFU/src/processor/headers/Step_BaseClass.hpp; sourceTree = "<group>"; name = Step_BaseClass.hpp; };
		1C2004ABF29540F79E719171 /* Step_ColourCluster.hpp */ = {isa = PBXFileReference; lastKnownFileType = "\"\""; path = ../../../../../Cinder/blocks/OpenCFU/src/OpenCFU/src/processor/headers/Step_ColourCluster.hpp; sourceTree = "<group>"; name = Step_ColourCluster.hpp; };
		A8D572819F6C46CDA047D3CA /* Step_FiltGUI.hpp */ = {isa = PBXFileReference; lastKnownFileType = "\"\""; path = ../../../../../Cinder/blocks/OpenCFU/src/OpenCFU/src/processor/headers/Step_FiltGUI.hpp; sourceTree = "<group>"; name = Step_FiltGUI.hpp; };
		7B21173B5EF14F3E908FFADC /* Step_FiltHS.hpp */ = {isa = PBXFileReference; lastKnownFileType = "\"\""; path = ../../../../../Cinder/blocks/OpenCFU/src/OpenCFU/src/processor/headers/Step_FiltHS.hpp; sourceTree = "<group>"; name = Step_FiltHS.hpp; };
		776EB944C9974B339CC2D776 /* Step_FiltIPosition2D.hpp */ = {isa = PBXFileReference; lastKnownFileType = "\"\""; path = ../../../../../Cinder/blocks/OpenCFU/src/OpenCFU/src/processor/headers/Step_FiltIPosition2D.hpp; sourceTree = "<group>"; name = Step_FiltIPosition2D.hpp; };
		78F71167278F4E93BF50DB61 /* Step_FiltLik.hpp */ = {isa = PBXFileReference; lastKnownFileType = "\"\""; path = ../../../../../Cinder/blocks/OpenCFU/src/OpenCFU/src/processor/headers/Step_FiltLik.hpp; sourceTree = "<group>"; name = Step_FiltLik.hpp; };
		32E55286002D463890B03663 /* ArgumentParser.cpp */ = {isa = PBXFileReference; lastKnownFileType = sourcecode.c.cpp; path = ../../../../../Cinder/blocks/OpenCFU/src/OpenCFU/src/processor/src/ArgumentParser.cpp; sourceTree = "<group>"; name = ArgumentParser.cpp; };
		01B322D5AFB741E98A6FF6FD /* ContourFamily.cpp */ = {isa = PBXFileReference; lastKnownFileType = sourcecode.c.cpp; path = ../../../../../Cinder/blocks/OpenCFU/src/OpenCFU/src/processor/src/ContourFamily.cpp; sourceTree = "<group>"; name = ContourFamily.cpp; };
		93D34A371F6446AD80950BCA /* ContourSpliter.cpp */ = {isa = PBXFileReference; lastKnownFileType = sourcecode.c.cpp; path = ../../../../../Cinder/blocks/OpenCFU/src/OpenCFU/src/processor/src/ContourSpliter.cpp; sourceTree = "<group>"; name = ContourSpliter.cpp; };
		9253B9D6152943CDB86FF267 /* Features.cpp */ = {isa = PBXFileReference; lastKnownFileType = sourcecode.c.cpp; path = ../../../../../Cinder/blocks/OpenCFU/src/OpenCFU/src/processor/src/Features.cpp; sourceTree = "<group>"; name = Features.cpp; };
		E16893DDF24F48E8B0D3569B /* MaskROI.cpp */ = {isa = PBXFileReference; lastKnownFileType = sourcecode.c.cpp; path = ../../../../../Cinder/blocks/OpenCFU/src/OpenCFU/src/processor/src/MaskROI.cpp; sourceTree = "<group>"; name = MaskROI.cpp; };
		D05E027F3E314454891E3CB4 /* Predictor.cpp */ = {isa = PBXFileReference; lastKnownFileType = sourcecode.c.cpp; path = ../../../../../Cinder/blocks/OpenCFU/src/OpenCFU/src/processor/src/Predictor.cpp; sourceTree = "<group>"; name = Predictor.cpp; };
		FAC93646167F4E8DAA54CE2C /* ProcessingOptions.cpp */ = {isa = PBXFileReference; lastKnownFileType = sourcecode.c.cpp; path = ../../../../../Cinder/blocks/OpenCFU/src/OpenCFU/src/processor/src/ProcessingOptions.cpp; sourceTree = "<group>"; name = ProcessingOptions.cpp; };
		5DE41F7BBF984E5D96CDAECD /* Processor.cpp */ = {isa = PBXFileReference; lastKnownFileType = sourcecode.c.cpp; path = ../../../../../Cinder/blocks/OpenCFU/src/OpenCFU/src/processor/src/Processor.cpp; sourceTree = "<group>"; name = Processor.cpp; };
		454A82987F0E4DDE8B02F662 /* Result.cpp */ = {isa = PBXFileReference; lastKnownFileType = sourcecode.c.cpp; path = ../../../../../Cinder/blocks/OpenCFU/src/OpenCFU/src/processor/src/Result.cpp; sourceTree = "<group>"; name = Result.cpp; };
		88854BE066C04AB9AB3EF98D /* Step_1.cpp */ = {isa = PBXFileReference; lastKnownFileType = sourcecode.c.cpp; path = ../../../../../Cinder/blocks/OpenCFU/src/OpenCFU/src/processor/src/Step_1.cpp; sourceTree = "<group>"; name = Step_1.cpp; };
		46C0D5A7E7364840BF184F08 /* Step_2.cpp */ = {isa = PBXFileReference; lastKnownFileType = sourcecode.c.cpp; path = ../../../../../Cinder/blocks/OpenCFU/src/OpenCFU/src/processor/src/Step_2.cpp; sourceTree = "<group>"; name = Step_2.cpp; };
		AA84E60D21BF4C09A88C9465 /* Step_3.cpp */ = {isa = PBXFileReference; lastKnownFileType = sourcecode.c.cpp; path = ../../../../../Cinder/blocks/OpenCFU/src/OpenCFU/src/processor/src/Step_3.cpp; sourceTree = "<group>"; name = Step_3.cpp; };
		892E82DD379044AA9D0B8482 /* Step_4.cpp */ = {isa = PBXFileReference; lastKnownFileType = sourcecode.c.cpp; path = ../../../../../Cinder/blocks/OpenCFU/src/OpenCFU/src/processor/src/Step_4.cpp; sourceTree = "<group>"; name = Step_4.cpp; };
		18606684B14B49D7990119C7 /* Step_BaseClass.cpp */ = {isa = PBXFileReference; lastKnownFileType = sourcecode.c.cpp; path = ../../../../../Cinder/blocks/OpenCFU/src/OpenCFU/src/processor/src/Step_BaseClass.cpp; sourceTree = "<group>"; name = Step_BaseClass.cpp; };
		5643ADF15D9E4FEEAFFC944D /* Step_ColourCluster.cpp */ = {isa = PBXFileReference; lastKnownFileType = sourcecode.c.cpp; path = ../../../../../Cinder/blocks/OpenCFU/src/OpenCFU/src/processor/src/Step_ColourCluster.cpp; sourceTree = "<group>"; name = Step_ColourCluster.cpp; };
		04DAECDD09394149A02178F2 /* Step_FiltGUI.cpp */ = {isa = PBXFileReference; lastKnownFileType = sourcecode.c.cpp; path = ../../../../../Cinder/blocks/OpenCFU/src/OpenCFU/src/processor/src/Step_FiltGUI.cpp; sourceTree = "<group>"; name = Step_FiltGUI.cpp; };
		336F2B668B134760A0F984A1 /* Step_FiltHS.cpp */ = {isa = PBXFileReference; lastKnownFileType = sourcecode.c.cpp; path = ../../../../../Cinder/blocks/OpenCFU/src/OpenCFU/src/processor/src/Step_FiltHS.cpp; sourceTree = "<group>"; name = Step_FiltHS.cpp; };
		9EC477C9A3BE4B62A3625067 /* Step_FiltIPosition2D.cpp */ = {isa = PBXFileReference; lastKnownFileType = sourcecode.c.cpp; path = ../../../../../Cinder/blocks/OpenCFU/src/OpenCFU/src/processor/src/Step_FiltIPosition2D.cpp; sourceTree = "<group>"; name = Step_FiltIPosition2D.cpp; };
		4B52594C720A4A4980575643 /* Step_FiltLik.cpp */ = {isa = PBXFileReference; lastKnownFileType = sourcecode.c.cpp; path = ../../../../../Cinder/blocks/OpenCFU/src/OpenCFU/src/processor/src/Step_FiltLik.cpp; sourceTree = "<group>"; name = Step_FiltLik.cpp; };
		3608B4C6F41042008F5C0AED /* CinderOpenCV.h */ = {isa = PBXFileReference; lastKnownFileType = sourcecode.c.h; path = ../../../../../Cinder/blocks/OpenCV3/include/CinderOpenCV.h; sourceTree = "<group>"; name = CinderOpenCV.h; };
		4B8DBF70EB2C430CB7E1A351 /* OpenCL.framework */ = {isa = PBXFileReference; lastKnownFileType = wrapper.framework; path = System/Library/Frameworks/OpenCL.framework; sourceTree = SDKROOT; name = OpenCL.framework; };
/* End PBXFileReference section */

/* Begin PBXFrameworksBuildPhase section */
		8D11072E0486CEB800E47090 /* Frameworks */ = {
			isa = PBXFrameworksBuildPhase;
			buildActionMask = 2147483647;
			files = (
				006D720419952D00008149E2 /* AVFoundation.framework in Frameworks */,
				006D720519952D00008149E2 /* CoreMedia.framework in Frameworks */,
				8D11072F0486CEB800E47090 /* Cocoa.framework in Frameworks */,
				0091D8F90E81B9330029341E /* OpenGL.framework in Frameworks */,
				5323E6B20EAFCA74003A9687 /* CoreVideo.framework in Frameworks */,
				00B784B30FF439BC000DE1D7 /* Accelerate.framework in Frameworks */,
				00B784B40FF439BC000DE1D7 /* AudioToolbox.framework in Frameworks */,
				00B784B50FF439BC000DE1D7 /* AudioUnit.framework in Frameworks */,
				00B784B60FF439BC000DE1D7 /* CoreAudio.framework in Frameworks */,
				00B9955A1B128DF400A5C623 /* IOKit.framework in Frameworks */,
				00B9955B1B128DF400A5C623 /* IOSurface.framework in Frameworks */,
				714098028F934D11A854C19C /* OpenCL.framework in Frameworks */,
			);
			runOnlyForDeploymentPostprocessing = 0;
		};
/* End PBXFrameworksBuildPhase section */

/* Begin PBXGroup section */
		080E96DDFE201D6D7F000001 /* Source */ = {
			isa = PBXGroup;
			children = (
				F141CF40837342BEBCEAACA7 /* OpenCFUThreadedApp.cpp */,
			);
			name = Source;
			sourceTree = "<group>";
		};
		1058C7A0FEA54F0111CA2CBB /* Linked Frameworks */ = {
			isa = PBXGroup;
			children = (
				006D720219952D00008149E2 /* AVFoundation.framework */,
				006D720319952D00008149E2 /* CoreMedia.framework */,
				00B784AF0FF439BC000DE1D7 /* Accelerate.framework */,
				00B784B00FF439BC000DE1D7 /* AudioToolbox.framework */,
				00B784B10FF439BC000DE1D7 /* AudioUnit.framework */,
				00B784B20FF439BC000DE1D7 /* CoreAudio.framework */,
				5323E6B10EAFCA74003A9687 /* CoreVideo.framework */,
				0091D8F80E81B9330029341E /* OpenGL.framework */,
				1058C7A1FEA54F0111CA2CBB /* Cocoa.framework */,
				00B995581B128DF400A5C623 /* IOKit.framework */,
				00B995591B128DF400A5C623 /* IOSurface.framework */,
			);
			name = "Linked Frameworks";
			sourceTree = "<group>";
		};
		1058C7A2FEA54F0111CA2CBB /* Other Frameworks */ = {
			isa = PBXGroup;
			children = (
				29B97324FDCFA39411CA2CEA /* AppKit.framework */,
				29B97325FDCFA39411CA2CEA /* Foundation.framework */,
			);
			name = "Other Frameworks";
			sourceTree = "<group>";
		};
		19C28FACFE9D520D11CA2CBB /* Products */ = {
			isa = PBXGroup;
			children = (
				8D1107320486CEB800E47090 /* OpenCFUThreaded.app */,
			);
			name = Products;
			sourceTree = "<group>";
		};
		29B97314FDCFA39411CA2CEA /* OpenCFUThreaded */ = {
			isa = PBXGroup;
			children = (
				01B97315FEAEA392516A2CEA /* Blocks */,
				29B97315FDCFA39411CA2CEA /* Headers */,
				080E96DDFE201D6D7F000001 /* Source */,
				29B97317FDCFA39411CA2CEA /* Resources */,
				29B97323FDCFA39411CA2CEA /* Frameworks */,
				19C28FACFE9D520D11CA2CBB /* Products */,
			);
			name = OpenCFUThreaded;
			sourceTree = "<group>";
		};
		862BFB6231E94206AF059EE9 /* headers */ = {
			isa = PBXGroup;
			children = (
				187A0AAB39F342969BB4CD0E /* ArgumentParser.hpp */,
				F6C830023D514594B15C5087 /* ContourFamily.hpp */,
				4ECF45E6815D4108A1092F7F /* ContourSpliter.hpp */,
				11ACED48CBE945E89E0139E0 /* Features.hpp */,
				FF930C885E26475596161CE8 /* MaskROI.hpp */,
				2DD4CBA145184E22A11E014C /* Predictor.hpp */,
				80D3E30198B84D5AB05CE482 /* ProcessingOptions.hpp */,
				37B9897EA9F048E19CA25E72 /* Processor.hpp */,
				93E2867ECE824A72B365D9B1 /* Result.hpp */,
				65BEBF93E3FB458F9C458A46 /* Step_1.hpp */,
				846725BD1385476E8BF5BC89 /* Step_2.hpp */,
				255A39AE029B4D3EA145AD08 /* Step_3.hpp */,
				53CA3F616D664898A7B1E9AA /* Step_4.hpp */,
				6237F867F77B4480873CAC57 /* Step_BaseClass.hpp */,
				1C2004ABF29540F79E719171 /* Step_ColourCluster.hpp */,
				A8D572819F6C46CDA047D3CA /* Step_FiltGUI.hpp */,
				7B21173B5EF14F3E908FFADC /* Step_FiltHS.hpp */,
				776EB944C9974B339CC2D776 /* Step_FiltIPosition2D.hpp */,
				78F71167278F4E93BF50DB61 /* Step_FiltLik.hpp */,
			);
			name = headers;
			sourceTree = "<group>";
		};
		6421A68E569B4063BCA232C5 /* src */ = {
			isa = PBXGroup;
			children = (
				32E55286002D463890B03663 /* ArgumentParser.cpp */,
				01B322D5AFB741E98A6FF6FD /* ContourFamily.cpp */,
				93D34A371F6446AD80950BCA /* ContourSpliter.cpp */,
				9253B9D6152943CDB86FF267 /* Features.cpp */,
				E16893DDF24F48E8B0D3569B /* MaskROI.cpp */,
				D05E027F3E314454891E3CB4 /* Predictor.cpp */,
				FAC93646167F4E8DAA54CE2C /* ProcessingOptions.cpp */,
				5DE41F7BBF984E5D96CDAECD /* Processor.cpp */,
				454A82987F0E4DDE8B02F662 /* Result.cpp */,
				88854BE066C04AB9AB3EF98D /* Step_1.cpp */,
				46C0D5A7E7364840BF184F08 /* Step_2.cpp */,
				AA84E60D21BF4C09A88C9465 /* Step_3.cpp */,
				892E82DD379044AA9D0B8482 /* Step_4.cpp */,
				18606684B14B49D7990119C7 /* Step_BaseClass.cpp */,
				5643ADF15D9E4FEEAFFC944D /* Step_ColourCluster.cpp */,
				04DAECDD09394149A02178F2 /* Step_FiltGUI.cpp */,
				336F2B668B134760A0F984A1 /* Step_FiltHS.cpp */,
				9EC477C9A3BE4B62A3625067 /* Step_FiltIPosition2D.cpp */,
				4B52594C720A4A4980575643 /* Step_FiltLik.cpp */,
			);
			name = src;
			sourceTree = "<group>";
		};
		652A31FB7C3E4090856D3CCB /* processor */ = {
			isa = PBXGroup;
			children = (
				862BFB6231E94206AF059EE9 /* headers */,
				6421A68E569B4063BCA232C5 /* src */,
			);
			name = processor;
			sourceTree = "<group>";
		};
		83DB598C20A94EF990B58539 /* src */ = {
			isa = PBXGroup;
			children = (
				3B8036D6A28A457BB52CF2B4 /* defines.hpp */,
				652A31FB7C3E4090856D3CCB /* processor */,
			);
			name = src;
			sourceTree = "<group>";
		};
		86B47060028B46B28E0141E6 /* OpenCFU */ = {
			isa = PBXGroup;
			children = (
				83DB598C20A94EF990B58539 /* src */,
			);
			name = OpenCFU;
			sourceTree = "<group>";
		};
		9429F7D0BFFC4030BE1AACBB /* src */ = {
			isa = PBXGroup;
			children = (
				4C87137CF23F4829B0240DEA /* config.h */,
				86B47060028B46B28E0141E6 /* OpenCFU */,
			);
			name = src;
			sourceTree = "<group>";
		};
		85E3EAB6880C47A6AEB8D8B8 /* OpenCFU */ = {
			isa = PBXGroup;
			children = (
				9429F7D0BFFC4030BE1AACBB /* src */,
			);
			name = OpenCFU;
			sourceTree = "<group>";
		};
		CFA1A0D8F0EF4659B2A36354 /* include */ = {
			isa = PBXGroup;
			children = (
				3608B4C6F41042008F5C0AED /* CinderOpenCV.h */,
			);
			name = include;
			sourceTree = "<group>";
		};
		5E3BABFEBDE1435BBAC96EDB /* OpenCV3 */ = {
			isa = PBXGroup;
			children = (
				CFA1A0D8F0EF4659B2A36354 /* include */,
			);
			name = OpenCV3;
			sourceTree = "<group>";
		};
		01B97315FEAEA392516A2CEA /* Blocks */ = {
			isa = PBXGroup;
			children = (
				85E3EAB6880C47A6AEB8D8B8 /* OpenCFU */,
				5E3BABFEBDE1435BBAC96EDB /* OpenCV3 */,
			);
			name = Blocks;
			sourceTree = "<group>";
		};
		29B97315FDCFA39411CA2CEA /* Headers */ = {
			isa = PBXGroup;
			children = (
				EFFE6459B1DA4E299C1E32C1 /* Resources.h */,
				3E42A94C4AB042CF8F9CDBED /* OpenCFUThreaded_Prefix.pch */,
			);
			name = Headers;
			sourceTree = "<group>";
		};
		29B97317FDCFA39411CA2CEA /* Resources */ = {
			isa = PBXGroup;
			children = (
				95C2AAF0F12E4745851AE974 /* CinderApp.icns */,
				4E36E23DB35E4FA4B4AC108A /* Info.plist */,
			);
			name = Resources;
			sourceTree = "<group>";
		};
		29B97323FDCFA39411CA2CEA /* Frameworks */ = {
			isa = PBXGroup;
			children = (
				1058C7A0FEA54F0111CA2CBB /* Linked Frameworks */,
				1058C7A2FEA54F0111CA2CBB /* Other Frameworks */,
				4B8DBF70EB2C430CB7E1A351 /* OpenCL.framework */,
			);
			name = Frameworks;
			sourceTree = "<group>";
		};
/* End PBXGroup section */

/* Begin PBXNativeTarget section */
		8D1107260486CEB800E47090 /* OpenCFUThreaded */ = {
			isa = PBXNativeTarget;
			buildConfigurationList = C01FCF4A08A954540054247B /* Build configuration list for PBXNativeTarget "OpenCFUThreaded" */;
			buildPhases = (
				8D1107290486CEB800E47090 /* Resources */,
				8D11072C0486CEB800E47090 /* Sources */,
				8D11072E0486CEB800E47090 /* Frameworks */,
			);
			buildRules = (
			);
			dependencies = (
			);
			name = OpenCFUThreaded;
			productInstallPath = "$(HOME)/Applications";
			productName = OpenCFUThreaded;
			productReference = 8D1107320486CEB800E47090 /* OpenCFUThreaded.app */;
			productType = "com.apple.product-type.application";
		};
/* End PBXNativeTarget section */

/* Begin PBXProject section */
		29B97313FDCFA39411CA2CEA /* Project object */ = {
			isa = PBXProject;
			buildConfigurationList = C01FCF4E08A954540054247B /* Build configuration list for PBXProject "OpenCFUThreaded" */;
			compatibilityVersion = "Xcode 3.2";
			developmentRegion = English;
			hasScannedForEncodings = 1;
			knownRegions = (
				English,
				Japanese,
				French,
				German,
			);
			mainGroup = 29B97314FDCFA39411CA2CEA /* OpenCFUThreaded */;
			projectDirPath = "";
			projectRoot = "";
			targets = (
				8D1107260486CEB800E47090 /* OpenCFUThreaded */,
			);
		};
/* End PBXProject section */

/* Begin PBXResourcesBuildPhase section */
		8D1107290486CEB800E47090 /* Resources */ = {
			isa = PBXResourcesBuildPhase;
			buildActionMask = 2147483647;
			files = (
				FA12CCCC0B3B45B09733FA45 /* CinderApp.icns in Resources */,
			);
			runOnlyForDeploymentPostprocessing = 0;
		};
/* End PBXResourcesBuildPhase section */

/* Begin PBXSourcesBuildPhase section */
		8D11072C0486CEB800E47090 /* Sources */ = {
			isa = PBXSourcesBuildPhase;
			buildActionMask = 2147483647;
			files = (
				1880A92057E24471B8E0E31C /* OpenCFUThreadedApp.cpp in Sources */,
				D4FE77EEEB1C40B6BD13B013 /* ArgumentParser.cpp in Sources */,
				804EA586826346A999CB3F95 /* ContourFamily.cpp in Sources */,
				F242DC4B548C4E929FC15557 /* ContourSpliter.cpp in Sources */,
				F98BBF4462974DE994959334 /* Features.cpp in Sources */,
				8D86CF82E473428BB6E44E1D /* MaskROI.cpp in Sources */,
				BBA99EEB6649475CA618FC5D /* Predictor.cpp in Sources */,
				27F24BBA2E154257B905B3D3 /* ProcessingOptions.cpp in Sources */,
				01D5F5EE2F7D4C5BB1F99E5D /* Processor.cpp in Sources */,
				3FB2F628E0A84DD5B29D0AD5 /* Result.cpp in Sources */,
				BF1465128E004D03B9390581 /* Step_1.cpp in Sources */,
				93F6A4A6299241EEB141149B /* Step_2.cpp in Sources */,
				4B83378B04614625B1F09029 /* Step_3.cpp in Sources */,
				4D1A2FC801404B10B818A761 /* Step_4.cpp in Sources */,
				4D4D519940444BE8B019847F /* Step_BaseClass.cpp in Sources */,
				CED4E45487FA40709050DBF8 /* Step_ColourCluster.cpp in Sources */,
				BAC93A2EBA6048CB82D19CF9 /* Step_FiltGUI.cpp in Sources */,
				8060B0CD16094D8C828382A3 /* Step_FiltHS.cpp in Sources */,
				64B006C47DDC4933A7D0EBD0 /* Step_FiltIPosition2D.cpp in Sources */,
				8314D061155641C3BB67E660 /* Step_FiltLik.cpp in Sources */,
			);
			runOnlyForDeploymentPostprocessing = 0;
		};
/* End PBXSourcesBuildPhase section */

/* Begin XCBuildConfiguration section */
		C01FCF4B08A954540054247B /* Debug */ = {
			isa = XCBuildConfiguration;
			buildSettings = {
				COMBINE_HIDPI_IMAGES = YES;
				DEAD_CODE_STRIPPING = YES;
				COPY_PHASE_STRIP = NO;
				GCC_DYNAMIC_NO_PIC = NO;
				GCC_INLINES_ARE_PRIVATE_EXTERN = YES;
				GCC_OPTIMIZATION_LEVEL = 0;
				GCC_PREPROCESSOR_DEFINITIONS = (
					"DEBUG=1",
					"$(inherited)",
				);
				GCC_PRECOMPILE_PREFIX_HEADER = YES;
				GCC_PREFIX_HEADER = OpenCFUThreaded_Prefix.pch;
				GCC_SYMBOLS_PRIVATE_EXTERN = NO;
				INFOPLIST_FILE = Info.plist;
				INSTALL_PATH = "$(HOME)/Applications";
				OTHER_LDFLAGS = (
					"\"$(CINDER_PATH)/lib/libcinder_d.a\"",
					../../../../../Cinder/blocks/OpenCV3/lib/macosx/libopencv_calib3d.a,
					../../../../../Cinder/blocks/OpenCV3/lib/macosx/libopencv_core.a,
					../../../../../Cinder/blocks/OpenCV3/lib/macosx/libopencv_features2d.a,
					../../../../../Cinder/blocks/OpenCV3/lib/macosx/libopencv_flann.a,
					../../../../../Cinder/blocks/OpenCV3/lib/macosx/libopencv_hal.a,
					../../../../../Cinder/blocks/OpenCV3/lib/macosx/libopencv_imgproc.a,
					../../../../../Cinder/blocks/OpenCV3/lib/macosx/libopencv_ml.a,
					../../../../../Cinder/blocks/OpenCV3/lib/macosx/libopencv_objdetect.a,
					../../../../../Cinder/blocks/OpenCV3/lib/macosx/libopencv_photo.a,
					../../../../../Cinder/blocks/OpenCV3/lib/macosx/libopencv_shape.a,
					../../../../../Cinder/blocks/OpenCV3/lib/macosx/libopencv_stitching.a,
					../../../../../Cinder/blocks/OpenCV3/lib/macosx/libopencv_superres.a,
					../../../../../Cinder/blocks/OpenCV3/lib/macosx/libopencv_video.a,
					../../../../../Cinder/blocks/OpenCV3/lib/macosx/libopencv_ts.a,
					../../../../../Cinder/blocks/OpenCV3/lib/macosx/libopencv_videoio.a,
					../../../../../Cinder/blocks/OpenCV3/lib/macosx/libopencv_videostab.a,
					../../../../../Cinder/blocks/OpenCV3/lib/macosx/libippicv.a,
					"\"-lz\"",
				);
				PRODUCT_BUNDLE_IDENTIFIER = "org.libcinder.${PRODUCT_NAME:rfc1034identifier}";
				PRODUCT_NAME = OpenCFUThreaded;
				SYMROOT = ./build;
				WRAPPER_EXTENSION = app;
			};
			name = Debug;
		};
		C01FCF4C08A954540054247B /* Release */ = {
			isa = XCBuildConfiguration;
			buildSettings = {
				COMBINE_HIDPI_IMAGES = YES;
				DEAD_CODE_STRIPPING = YES;
				DEBUG_INFORMATION_FORMAT = "dwarf-with-dsym";
				GCC_FAST_MATH = YES;
				GCC_GENERATE_DEBUGGING_SYMBOLS = NO;
				GCC_INLINES_ARE_PRIVATE_EXTERN = YES;
				GCC_OPTIMIZATION_LEVEL = 3;
				GCC_PREPROCESSOR_DEFINITIONS = (
					"NDEBUG=1",
					"$(inherited)",
				);
				GCC_PRECOMPILE_PREFIX_HEADER = YES;
				GCC_PREFIX_HEADER = OpenCFUThreaded_Prefix.pch;
				GCC_SYMBOLS_PRIVATE_EXTERN = NO;
				INFOPLIST_FILE = Info.plist;
				INSTALL_PATH = "$(HOME)/Applications";
				OTHER_LDFLAGS = (
					"\"$(CINDER_PATH)/lib/libcinder.a\"",
					../../../../../Cinder/blocks/OpenCV3/lib/macosx/libopencv_calib3d.a,
					../../../../../Cinder/blocks/OpenCV3/lib/macosx/libopencv_core.a,
					../../../../../Cinder/blocks/OpenCV3/lib/macosx/libopencv_features2d.a,
					../../../../../Cinder/blocks/OpenCV3/lib/macosx/libopencv_flann.a,
					../../../../../Cinder/blocks/OpenCV3/lib/macosx/libopencv_hal.a,
					../../../../../Cinder/blocks/OpenCV3/lib/macosx/libopencv_imgproc.a,
					../../../../../Cinder/blocks/OpenCV3/lib/macosx/libopencv_ml.a,
					../../../../../Cinder/blocks/OpenCV3/lib/macosx/libopencv_objdetect.a,
					../../../../../Cinder/blocks/OpenCV3/lib/macosx/libopencv_photo.a,
					../../../../../Cinder/blocks/OpenCV3/lib/macosx/libopencv_shape.a,
					../../../../../Cinder/blocks/OpenCV3/lib/macosx/libopencv_stitching.a,
					../../../../../Cinder/blocks/OpenCV3/lib/macosx/libopencv_superres.a,
					../../../../../Cinder/blocks/OpenCV3/lib/macosx/libopencv_video.a,
					../../../../../Cinder/blocks/OpenCV3/lib/macosx/libopencv_ts.a,
					../../../../../Cinder/blocks/OpenCV3/lib/macosx/libopencv_videoio.a,
					../../../../../Cinder/blocks/OpenCV3/lib/macosx/libopencv_videostab.a,
					../../../../../Cinder/blocks/OpenCV3/lib/macosx/libippicv.a,
					"\"-lz\"",
				);
				PRODUCT_BUNDLE_IDENTIFIER = "org.libcinder.${PRODUCT_NAME:rfc1034identifier}";
				PRODUCT_NAME = OpenCFUThreaded;
				STRIP_INSTALLED_PRODUCT = YES;
				SYMROOT = ./build;
				WRAPPER_EXTENSION = app;
			};
			name = Release;
		};
		C01FCF4F08A954540054247B /* Debug */ = {
			isa = XCBuildConfiguration;
			buildSettings = {
				ALWAYS_SEARCH_USER_PATHS = NO;
				CINDER_PATH = "../../../../../Cinder";
				CLANG_CXX_LANGUAGE_STANDARD = "c++11";
				CLANG_CXX_LIBRARY = "libc++";
				ENABLE_TESTABILITY = YES;
				GCC_WARN_ABOUT_RETURN_TYPE = YES;
				GCC_WARN_UNUSED_VARIABLE = YES;
				HEADER_SEARCH_PATHS = "\"$(CINDER_PATH)/include\"";
				MACOSX_DEPLOYMENT_TARGET = 10.8;
				ONLY_ACTIVE_ARCH = YES;
				SDKROOT = macosx;
				USER_HEADER_SEARCH_PATHS = (
					"\"$(CINDER_PATH)/include\" ../include",
					../../../../../Cinder/blocks/OpenCV3/include,
				);
			};
			name = Debug;
		};
		C01FCF5008A954540054247B /* Release */ = {
			isa = XCBuildConfiguration;
			buildSettings = {
				ALWAYS_SEARCH_USER_PATHS = NO;
				CINDER_PATH = "../../../../../Cinder";
				CLANG_CXX_LANGUAGE_STANDARD = "c++11";
				CLANG_CXX_LIBRARY = "libc++";
				GCC_WARN_ABOUT_RETURN_TYPE = YES;
				GCC_WARN_UNUSED_VARIABLE = YES;
				HEADER_SEARCH_PATHS = "\"$(CINDER_PATH)/include\"";
				MACOSX_DEPLOYMENT_TARGET = 10.8;
				SDKROOT = macosx;
				USER_HEADER_SEARCH_PATHS = (
					"\"$(CINDER_PATH)/include\" ../include",
					../../../../../Cinder/blocks/OpenCV3/include,
				);
			};
			name = Release;
		};
/* End XCBuildConfiguration section */

/* Begin XCConfigurationList section */
		C01FCF4A08A954540054247B /* Build configuration list for PBXNativeTarget "OpenCFUThreaded" */ = {
			isa = XCConfigurationList;
			buildConfigurations = (
				C01FCF4B08A954540054247B /* Debug */,
				C01FCF4C08A954540054247B /* Release */,
			);
			defaultConfigurationIsVisible = 0;
			defaultConfigurationName = Release;
		};
		C01FCF4E08A954540054247B /* Build configuration list for PBXProject "OpenCFUThreaded" */ = {
			isa = XCConfigurationList;
			buildConfigurations = (
				C01FCF4F08A954540054247B /* Debug */,
				C01FCF5008A954540054247B /* Release */,
			);
			defaultConfigurationIsVisible = 0;
			defaultConfigurationName = Release;
		};
/* End XCConfigurationList section */
	};
	rootObject = 29B97313FDCFA39411CA2CEA /* Project object */;
}
